
Microsoft Visual Studio Solution File, Format Version 12.00
# Visual Studio 2012
Project("{FAE04EC0-301F-11D3-BF4B-00C04F79EFBC}") = "Subtraction Pop Quiz", "Subtraction Pop Quiz\Subtraction Pop Quiz.csproj", "{324C2170-F566-476F-B0B7-73874ACFA031}"
EndProject
Global
	GlobalSection(SolutionConfigurationPlatforms) = preSolution
		Debug|Any CPU = Debug|Any CPU
		Debug|ARM = Debug|ARM
		Debug|x64 = Debug|x64
		Debug|x86 = Debug|x86
		Release|Any CPU = Release|Any CPU
		Release|ARM = Release|ARM
		Release|x64 = Release|x64
		Release|x86 = Release|x86
	EndGlobalSection
	GlobalSection(ProjectConfigurationPlatforms) = postSolution
		{324C2170-F566-476F-B0B7-73874ACFA031}.Debug|Any CPU.ActiveCfg = Debug|Any CPU
		{324C2170-F566-476F-B0B7-73874ACFA031}.Debug|Any CPU.Build.0 = Debug|Any CPU
		{324C2170-F566-476F-B0B7-73874ACFA031}.Debug|Any CPU.Deploy.0 = Debug|Any CPU
		{324C2170-F566-476F-B0B7-73874ACFA031}.Debug|ARM.ActiveCfg = Debug|ARM
		{324C2170-F566-476F-B0B7-73874ACFA031}.Debug|ARM.Build.0 = Debug|ARM
		{324C2170-F566-476F-B0B7-73874ACFA031}.Debug|ARM.Deploy.0 = Debug|ARM
		{324C2170-F566-476F-B0B7-73874ACFA031}.Debug|x64.ActiveCfg = Debug|x64
		{324C2170-F566-476F-B0B7-73874ACFA031}.Debug|x64.Build.0 = Debug|x64
		{324C2170-F566-476F-B0B7-73874ACFA031}.Debug|x64.Deploy.0 = Debug|x64
		{324C2170-F566-476F-B0B7-73874ACFA031}.Debug|x86.ActiveCfg = Debug|x86
		{324C2170-F566-476F-B0B7-73874ACFA031}.Debug|x86.Build.0 = Debug|x86
		{324C2170-F566-476F-B0B7-73874ACFA031}.Debug|x86.Deploy.0 = Debug|x86
		{324C2170-F566-476F-B0B7-73874ACFA031}.Release|Any CPU.ActiveCfg = Release|Any CPU
		{324C2170-F566-476F-B0B7-73874ACFA031}.Release|Any CPU.Build.0 = Release|Any CPU
		{324C2170-F566-476F-B0B7-73874ACFA031}.Release|Any CPU.Deploy.0 = Release|Any CPU
		{324C2170-F566-476F-B0B7-73874ACFA031}.Release|ARM.ActiveCfg = Release|ARM
		{324C2170-F566-476F-B0B7-73874ACFA031}.Release|ARM.Build.0 = Release|ARM
		{324C2170-F566-476F-B0B7-73874ACFA031}.Release|ARM.Deploy.0 = Release|ARM
		{324C2170-F566-476F-B0B7-73874ACFA031}.Release|x64.ActiveCfg = Release|x64
		{324C2170-F566-476F-B0B7-73874ACFA031}.Release|x64.Build.0 = Release|x64
		{324C2170-F566-476F-B0B7-73874ACFA031}.Release|x64.Deploy.0 = Release|x64
		{324C2170-F566-476F-B0B7-73874ACFA031}.Release|x86.ActiveCfg = Release|x86
		{324C2170-F566-476F-B0B7-73874ACFA031}.Release|x86.Build.0 = Release|x86
		{324C2170-F566-476F-B0B7-73874ACFA031}.Release|x86.Deploy.0 = Release|x86
	EndGlobalSection
	GlobalSection(SolutionProperties) = preSolution
		HideSolutionNode = FALSE
	EndGlobalSection
EndGlobal
